
Microsoft Visual Studio Solution File, Format Version 12.00
# Visual Studio Version 17
VisualStudioVersion = 17.0.31903.59
MinimumVisualStudioVersion = 10.0.40219.1
Project("{FAE04EC0-301F-11D3-BF4B-00C04F79EFBC}") = "Schoollibrary", "Schoollibrary\Schoollibrary.csproj", "{A87F0DD0-1726-429E-B6D7-61FA6C33F9D5}"
EndProject
Project("{FAE04EC0-301F-11D3-BF4B-00C04F79EFBC}") = "SchoolApp", "SchoolApp\SchoolApp.csproj", "{27FEBD0F-27E1-4FFA-8FEB-5FE33EED7877}"
EndProject
Global
	GlobalSection(SolutionConfigurationPlatforms) = preSolution
		Debug|Any CPU = Debug|Any CPU
		Release|Any CPU = Release|Any CPU
	EndGlobalSection
	GlobalSection(SolutionProperties) = preSolution
		HideSolutionNode = FALSE
	EndGlobalSection
	GlobalSection(ProjectConfigurationPlatforms) = postSolution
		{A87F0DD0-1726-429E-B6D7-61FA6C33F9D5}.Debug|Any CPU.ActiveCfg = Debug|Any CPU
		{A87F0DD0-1726-429E-B6D7-61FA6C33F9D5}.Debug|Any CPU.Build.0 = Debug|Any CPU
		{A87F0DD0-1726-429E-B6D7-61FA6C33F9D5}.Release|Any CPU.ActiveCfg = Release|Any CPU
		{A87F0DD0-1726-429E-B6D7-61FA6C33F9D5}.Release|Any CPU.Build.0 = Release|Any CPU
		{27FEBD0F-27E1-4FFA-8FEB-5FE33EED7877}.Debug|Any CPU.ActiveCfg = Debug|Any CPU
		{27FEBD0F-27E1-4FFA-8FEB-5FE33EED7877}.Debug|Any CPU.Build.0 = Debug|Any CPU
		{27FEBD0F-27E1-4FFA-8FEB-5FE33EED7877}.Release|Any CPU.ActiveCfg = Release|Any CPU
		{27FEBD0F-27E1-4FFA-8FEB-5FE33EED7877}.Release|Any CPU.Build.0 = Release|Any CPU
	EndGlobalSection
EndGlobal
